
Microsoft Visual Studio Solution File, Format Version 12.00
# Visual Studio Version 16
VisualStudioVersion = 16.0.30907.101
MinimumVisualStudioVersion = 10.0.40219.1
Project("{FAE04EC0-301F-11D3-BF4B-00C04F79EFBC}") = "OOP-Babini", "OOP-Babini.csproj", "{DCE8DC7E-67C3-4A02-BA62-143EF1432928}"
EndProject
Global
	GlobalSection(SolutionConfigurationPlatforms) = preSolution
		Debug|Any CPU = Debug|Any CPU
		Release|Any CPU = Release|Any CPU
	EndGlobalSection
	GlobalSection(ProjectConfigurationPlatforms) = postSolution
		{DCE8DC7E-67C3-4A02-BA62-143EF1432928}.Debug|Any CPU.ActiveCfg = Debug|Any CPU
		{DCE8DC7E-67C3-4A02-BA62-143EF1432928}.Debug|Any CPU.Build.0 = Debug|Any CPU
		{DCE8DC7E-67C3-4A02-BA62-143EF1432928}.Release|Any CPU.ActiveCfg = Release|Any CPU
		{DCE8DC7E-67C3-4A02-BA62-143EF1432928}.Release|Any CPU.Build.0 = Release|Any CPU
	EndGlobalSection
	GlobalSection(SolutionProperties) = preSolution
		HideSolutionNode = FALSE
	EndGlobalSection
	GlobalSection(ExtensibilityGlobals) = postSolution
		SolutionGuid = {598D7361-1C5C-4049-9B7C-0EDBF8360723}
	EndGlobalSection
EndGlobal
